
Microsoft Visual Studio Solution File, Format Version 12.00
# Visual Studio Version 17
VisualStudioVersion = 17.10.35004.147
MinimumVisualStudioVersion = 10.0.40219.1
Project("{FAE04EC0-301F-11D3-BF4B-00C04F79EFBC}") = "ClienteLabs", "ClienteLabs\ClienteLabs.csproj", "{50950B95-376E-458F-984F-762E9D4CFFC4}"
EndProject
Global
	GlobalSection(SolutionConfigurationPlatforms) = preSolution
		Debug|Any CPU = Debug|Any CPU
		Release|Any CPU = Release|Any CPU
	EndGlobalSection
	GlobalSection(ProjectConfigurationPlatforms) = postSolution
		{50950B95-376E-458F-984F-762E9D4CFFC4}.Debug|Any CPU.ActiveCfg = Debug|Any CPU
		{50950B95-376E-458F-984F-762E9D4CFFC4}.Debug|Any CPU.Build.0 = Debug|Any CPU
		{50950B95-376E-458F-984F-762E9D4CFFC4}.Release|Any CPU.ActiveCfg = Release|Any CPU
		{50950B95-376E-458F-984F-762E9D4CFFC4}.Release|Any CPU.Build.0 = Release|Any CPU
	EndGlobalSection
	GlobalSection(SolutionProperties) = preSolution
		HideSolutionNode = FALSE
	EndGlobalSection
	GlobalSection(ExtensibilityGlobals) = postSolution
		SolutionGuid = {67BA119E-7E59-4E11-947C-0C307C3DE271}
	EndGlobalSection
EndGlobal
